
Microsoft Visual Studio Solution File, Format Version 12.00
# Visual Studio Version 17
VisualStudioVersion = 17.4.33205.214
MinimumVisualStudioVersion = 10.0.40219.1
Project("{FAE04EC0-301F-11D3-BF4B-00C04F79EFBC}") = "LinkedList", "LinkedList.csproj", "{B2A289B7-7584-4D8B-B7E4-329F36004BAB}"
EndProject
Global
	GlobalSection(SolutionConfigurationPlatforms) = preSolution
		Debug|Any CPU = Debug|Any CPU
		Release|Any CPU = Release|Any CPU
	EndGlobalSection
	GlobalSection(ProjectConfigurationPlatforms) = postSolution
		{B2A289B7-7584-4D8B-B7E4-329F36004BAB}.Debug|Any CPU.ActiveCfg = Debug|Any CPU
		{B2A289B7-7584-4D8B-B7E4-329F36004BAB}.Debug|Any CPU.Build.0 = Debug|Any CPU
		{B2A289B7-7584-4D8B-B7E4-329F36004BAB}.Release|Any CPU.ActiveCfg = Release|Any CPU
		{B2A289B7-7584-4D8B-B7E4-329F36004BAB}.Release|Any CPU.Build.0 = Release|Any CPU
	EndGlobalSection
	GlobalSection(SolutionProperties) = preSolution
		HideSolutionNode = FALSE
	EndGlobalSection
	GlobalSection(ExtensibilityGlobals) = postSolution
		SolutionGuid = {1BE45338-CD1E-4E5E-8CAA-185FFED5AEF2}
	EndGlobalSection
EndGlobal
